
Microsoft Visual Studio Solution File, Format Version 11.00
# Visual Studio 2010
Project("{FAE04EC0-301F-11D3-BF4B-00C04F79EFBC}") = "ReservationBook", "ReservationBook\ReservationBook.csproj", "{2E8A25AA-15E4-4638-B16A-1C49939D3C2B}"
EndProject
Global
	GlobalSection(SolutionConfigurationPlatforms) = preSolution
		Debug|Any CPU = Debug|Any CPU
		Release|Any CPU = Release|Any CPU
	EndGlobalSection
	GlobalSection(ProjectConfigurationPlatforms) = postSolution
		{2E8A25AA-15E4-4638-B16A-1C49939D3C2B}.Debug|Any CPU.ActiveCfg = Debug|Any CPU
		{2E8A25AA-15E4-4638-B16A-1C49939D3C2B}.Debug|Any CPU.Build.0 = Debug|Any CPU
		{2E8A25AA-15E4-4638-B16A-1C49939D3C2B}.Release|Any CPU.ActiveCfg = Release|Any CPU
		{2E8A25AA-15E4-4638-B16A-1C49939D3C2B}.Release|Any CPU.Build.0 = Release|Any CPU
	EndGlobalSection
	GlobalSection(SolutionProperties) = preSolution
		HideSolutionNode = FALSE
	EndGlobalSection
EndGlobal
